// !$*UTF8*$!
{
	archiveVersion = 1;
	classes = {
	};
	objectVersion = 56;
	objects = {

/* Begin PBXBuildFile section */
		D401B1DF2B06A08800CE60B1 /* SurfLockApp.swift in Sources */ = {isa = PBXBuildFile; fileRef = D401B1DE2B06A08800CE60B1 /* SurfLockApp.swift */; };
		D401B1E12B06A08800CE60B1 /* ContentView.swift in Sources */ = {isa = PBXBuildFile; fileRef = D401B1E02B06A08800CE60B1 /* ContentView.swift */; };
		D401B1E32B06A08900CE60B1 /* Assets.xcassets in Resources */ = {isa = PBXBuildFile; fileRef = D401B1E22B06A08900CE60B1 /* Assets.xcassets */; };
		D401B1E62B06A08900CE60B1 /* Preview Assets.xcassets in Resources */ = {isa = PBXBuildFile; fileRef = D401B1E52B06A08900CE60B1 /* Preview Assets.xcassets */; };
		D401B1F02B06A08900CE60B1 /* SurfLockTests.swift in Sources */ = {isa = PBXBuildFile; fileRef = D401B1EF2B06A08900CE60B1 /* SurfLockTests.swift */; };
		D401B1FA2B06A08900CE60B1 /* SurfLockUITests.swift in Sources */ = {isa = PBXBuildFile; fileRef = D401B1F92B06A08900CE60B1 /* SurfLockUITests.swift */; };
		D401B1FC2B06A08900CE60B1 /* SurfLockUITestsLaunchTests.swift in Sources */ = {isa = PBXBuildFile; fileRef = D401B1FB2B06A08900CE60B1 /* SurfLockUITestsLaunchTests.swift */; };
		D401B20B2B06C71800CE60B1 /* PreviewData.swift in Sources */ = {isa = PBXBuildFile; fileRef = D401B20A2B06C71800CE60B1 /* PreviewData.swift */; };
		D4F18F022B06E3F6006B6B9E /* DomainManager.swift in Sources */ = {isa = PBXBuildFile; fileRef = D4F18F012B06E3F6006B6B9E /* DomainManager.swift */; };
/* End PBXBuildFile section */

/* Begin PBXContainerItemProxy section */
		D401B1EC2B06A08900CE60B1 /* PBXContainerItemProxy */ = {
			isa = PBXContainerItemProxy;
			containerPortal = D401B1D32B06A08800CE60B1 /* Project object */;
			proxyType = 1;
			remoteGlobalIDString = D401B1DA2B06A08800CE60B1;
			remoteInfo = SurfLock;
		};
		D401B1F62B06A08900CE60B1 /* PBXContainerItemProxy */ = {
			isa = PBXContainerItemProxy;
			containerPortal = D401B1D32B06A08800CE60B1 /* Project object */;
			proxyType = 1;
			remoteGlobalIDString = D401B1DA2B06A08800CE60B1;
			remoteInfo = SurfLock;
		};
/* End PBXContainerItemProxy section */

/* Begin PBXFileReference section */
		D401B1DB2B06A08800CE60B1 /* SurfLock.app */ = {isa = PBXFileReference; explicitFileType = wrapper.application; includeInIndex = 0; path = SurfLock.app; sourceTree = BUILT_PRODUCTS_DIR; };
		D401B1DE2B06A08800CE60B1 /* SurfLockApp.swift */ = {isa = PBXFileReference; lastKnownFileType = sourcecode.swift; path = SurfLockApp.swift; sourceTree = "<group>"; };
		D401B1E02B06A08800CE60B1 /* ContentView.swift */ = {isa = PBXFileReference; lastKnownFileType = sourcecode.swift; path = ContentView.swift; sourceTree = "<group>"; };
		D401B1E22B06A08900CE60B1 /* Assets.xcassets */ = {isa = PBXFileReference; lastKnownFileType = folder.assetcatalog; path = Assets.xcassets; sourceTree = "<group>"; };
		D401B1E52B06A08900CE60B1 /* Preview Assets.xcassets */ = {isa = PBXFileReference; lastKnownFileType = folder.assetcatalog; path = "Preview Assets.xcassets"; sourceTree = "<group>"; };
		D401B1EB2B06A08900CE60B1 /* SurfLockTests.xctest */ = {isa = PBXFileReference; explicitFileType = wrapper.cfbundle; includeInIndex = 0; path = SurfLockTests.xctest; sourceTree = BUILT_PRODUCTS_DIR; };
		D401B1EF2B06A08900CE60B1 /* SurfLockTests.swift */ = {isa = PBXFileReference; lastKnownFileType = sourcecode.swift; path = SurfLockTests.swift; sourceTree = "<group>"; };
		D401B1F52B06A08900CE60B1 /* SurfLockUITests.xctest */ = {isa = PBXFileReference; explicitFileType = wrapper.cfbundle; includeInIndex = 0; path = SurfLockUITests.xctest; sourceTree = BUILT_PRODUCTS_DIR; };
		D401B1F92B06A08900CE60B1 /* SurfLockUITests.swift */ = {isa = PBXFileReference; lastKnownFileType = sourcecode.swift; path = SurfLockUITests.swift; sourceTree = "<group>"; };
		D401B1FB2B06A08900CE60B1 /* SurfLockUITestsLaunchTests.swift */ = {isa = PBXFileReference; lastKnownFileType = sourcecode.swift; path = SurfLockUITestsLaunchTests.swift; sourceTree = "<group>"; };
		D401B2082B06A42100CE60B1 /* SurfLock.entitlements */ = {isa = PBXFileReference; lastKnownFileType = text.plist.entitlements; path = SurfLock.entitlements; sourceTree = "<group>"; };
		D401B2092B06A49000CE60B1 /* Info.plist */ = {isa = PBXFileReference; lastKnownFileType = text.plist; path = Info.plist; sourceTree = "<group>"; };
		D401B20A2B06C71800CE60B1 /* PreviewData.swift */ = {isa = PBXFileReference; lastKnownFileType = sourcecode.swift; path = PreviewData.swift; sourceTree = "<group>"; };
		D4F18F012B06E3F6006B6B9E /* DomainManager.swift */ = {isa = PBXFileReference; lastKnownFileType = sourcecode.swift; path = DomainManager.swift; sourceTree = "<group>"; };
/* End PBXFileReference section */

/* Begin PBXFrameworksBuildPhase section */
		D401B1D82B06A08800CE60B1 /* Frameworks */ = {
			isa = PBXFrameworksBuildPhase;
			buildActionMask = 2147483647;
			files = (
			);
			runOnlyForDeploymentPostprocessing = 0;
		};
		D401B1E82B06A08900CE60B1 /* Frameworks */ = {
			isa = PBXFrameworksBuildPhase;
			buildActionMask = 2147483647;
			files = (
			);
			runOnlyForDeploymentPostprocessing = 0;
		};
		D401B1F22B06A08900CE60B1 /* Frameworks */ = {
			isa = PBXFrameworksBuildPhase;
			buildActionMask = 2147483647;
			files = (
			);
			runOnlyForDeploymentPostprocessing = 0;
		};
/* End PBXFrameworksBuildPhase section */

/* Begin PBXGroup section */
		D401B1D22B06A08800CE60B1 = {
			isa = PBXGroup;
			children = (
				D401B1DD2B06A08800CE60B1 /* SurfLock */,
				D401B1EE2B06A08900CE60B1 /* SurfLockTests */,
				D401B1F82B06A08900CE60B1 /* SurfLockUITests */,
				D401B1DC2B06A08800CE60B1 /* Products */,
			);
			sourceTree = "<group>";
		};
		D401B1DC2B06A08800CE60B1 /* Products */ = {
			isa = PBXGroup;
			children = (
				D401B1DB2B06A08800CE60B1 /* SurfLock.app */,
				D401B1EB2B06A08900CE60B1 /* SurfLockTests.xctest */,
				D401B1F52B06A08900CE60B1 /* SurfLockUITests.xctest */,
			);
			name = Products;
			sourceTree = "<group>";
		};
		D401B1DD2B06A08800CE60B1 /* SurfLock */ = {
			isa = PBXGroup;
			children = (
				D401B2092B06A49000CE60B1 /* Info.plist */,
				D401B2082B06A42100CE60B1 /* SurfLock.entitlements */,
				D401B1DE2B06A08800CE60B1 /* SurfLockApp.swift */,
				D401B1E02B06A08800CE60B1 /* ContentView.swift */,
				D4F18F012B06E3F6006B6B9E /* DomainManager.swift */,
				D401B1E22B06A08900CE60B1 /* Assets.xcassets */,
				D401B1E42B06A08900CE60B1 /* Preview Content */,
			);
			path = SurfLock;
			sourceTree = "<group>";
		};
		D401B1E42B06A08900CE60B1 /* Preview Content */ = {
			isa = PBXGroup;
			children = (
				D401B1E52B06A08900CE60B1 /* Preview Assets.xcassets */,
				D401B20A2B06C71800CE60B1 /* PreviewData.swift */,
			);
			path = "Preview Content";
			sourceTree = "<group>";
		};
		D401B1EE2B06A08900CE60B1 /* SurfLockTests */ = {
			isa = PBXGroup;
			children = (
				D401B1EF2B06A08900CE60B1 /* SurfLockTests.swift */,
			);
			path = SurfLockTests;
			sourceTree = "<group>";
		};
		D401B1F82B06A08900CE60B1 /* SurfLockUITests */ = {
			isa = PBXGroup;
			children = (
				D401B1F92B06A08900CE60B1 /* SurfLockUITests.swift */,
				D401B1FB2B06A08900CE60B1 /* SurfLockUITestsLaunchTests.swift */,
			);
			path = SurfLockUITests;
			sourceTree = "<group>";
		};
/* End PBXGroup section */

/* Begin PBXNativeTarget section */
		D401B1DA2B06A08800CE60B1 /* SurfLock */ = {
			isa = PBXNativeTarget;
			buildConfigurationList = D401B1FF2B06A08900CE60B1 /* Build configuration list for PBXNativeTarget "SurfLock" */;
			buildPhases = (
				D401B1D72B06A08800CE60B1 /* Sources */,
				D401B1D82B06A08800CE60B1 /* Frameworks */,
				D401B1D92B06A08800CE60B1 /* Resources */,
			);
			buildRules = (
			);
			dependencies = (
			);
			name = SurfLock;
			productName = SurfLock;
			productReference = D401B1DB2B06A08800CE60B1 /* SurfLock.app */;
			productType = "com.apple.product-type.application";
		};
		D401B1EA2B06A08900CE60B1 /* SurfLockTests */ = {
			isa = PBXNativeTarget;
			buildConfigurationList = D401B2022B06A08900CE60B1 /* Build configuration list for PBXNativeTarget "SurfLockTests" */;
			buildPhases = (
				D401B1E72B06A08900CE60B1 /* Sources */,
				D401B1E82B06A08900CE60B1 /* Frameworks */,
				D401B1E92B06A08900CE60B1 /* Resources */,
			);
			buildRules = (
			);
			dependencies = (
				D401B1ED2B06A08900CE60B1 /* PBXTargetDependency */,
			);
			name = SurfLockTests;
			productName = SurfLockTests;
			productReference = D401B1EB2B06A08900CE60B1 /* SurfLockTests.xctest */;
			productType = "com.apple.product-type.bundle.unit-test";
		};
		D401B1F42B06A08900CE60B1 /* SurfLockUITests */ = {
			isa = PBXNativeTarget;
			buildConfigurationList = D401B2052B06A08900CE60B1 /* Build configuration list for PBXNativeTarget "SurfLockUITests" */;
			buildPhases = (
				D401B1F12B06A08900CE60B1 /* Sources */,
				D401B1F22B06A08900CE60B1 /* Frameworks */,
				D401B1F32B06A08900CE60B1 /* Resources */,
			);
			buildRules = (
			);
			dependencies = (
				D401B1F72B06A08900CE60B1 /* PBXTargetDependency */,
			);
			name = SurfLockUITests;
			productName = SurfLockUITests;
			productReference = D401B1F52B06A08900CE60B1 /* SurfLockUITests.xctest */;
			productType = "com.apple.product-type.bundle.ui-testing";
		};
/* End PBXNativeTarget section */

/* Begin PBXProject section */
		D401B1D32B06A08800CE60B1 /* Project object */ = {
			isa = PBXProject;
			attributes = {
				BuildIndependentTargetsInParallel = 1;
				LastSwiftUpdateCheck = 1500;
				LastUpgradeCheck = 1500;
				TargetAttributes = {
					D401B1DA2B06A08800CE60B1 = {
						CreatedOnToolsVersion = 15.0.1;
					};
					D401B1EA2B06A08900CE60B1 = {
						CreatedOnToolsVersion = 15.0.1;
						TestTargetID = D401B1DA2B06A08800CE60B1;
					};
					D401B1F42B06A08900CE60B1 = {
						CreatedOnToolsVersion = 15.0.1;
						TestTargetID = D401B1DA2B06A08800CE60B1;
					};
				};
			};
			buildConfigurationList = D401B1D62B06A08800CE60B1 /* Build configuration list for PBXProject "SurfLock" */;
			compatibilityVersion = "Xcode 14.0";
			developmentRegion = en;
			hasScannedForEncodings = 0;
			knownRegions = (
				en,
				Base,
			);
			mainGroup = D401B1D22B06A08800CE60B1;
			productRefGroup = D401B1DC2B06A08800CE60B1 /* Products */;
			projectDirPath = "";
			projectRoot = "";
			targets = (
				D401B1DA2B06A08800CE60B1 /* SurfLock */,
				D401B1EA2B06A08900CE60B1 /* SurfLockTests */,
				D401B1F42B06A08900CE60B1 /* SurfLockUITests */,
			);
		};
/* End PBXProject section */

/* Begin PBXResourcesBuildPhase section */
		D401B1D92B06A08800CE60B1 /* Resources */ = {
			isa = PBXResourcesBuildPhase;
			buildActionMask = 2147483647;
			files = (
				D401B1E62B06A08900CE60B1 /* Preview Assets.xcassets in Resources */,
				D401B1E32B06A08900CE60B1 /* Assets.xcassets in Resources */,
			);
			runOnlyForDeploymentPostprocessing = 0;
		};
		D401B1E92B06A08900CE60B1 /* Resources */ = {
			isa = PBXResourcesBuildPhase;
			buildActionMask = 2147483647;
			files = (
			);
			runOnlyForDeploymentPostprocessing = 0;
		};
		D401B1F32B06A08900CE60B1 /* Resources */ = {
			isa = PBXResourcesBuildPhase;
			buildActionMask = 2147483647;
			files = (
			);
			runOnlyForDeploymentPostprocessing = 0;
		};
/* End PBXResourcesBuildPhase section */

/* Begin PBXSourcesBuildPhase section */
		D401B1D72B06A08800CE60B1 /* Sources */ = {
			isa = PBXSourcesBuildPhase;
			buildActionMask = 2147483647;
			files = (
				D401B1E12B06A08800CE60B1 /* ContentView.swift in Sources */,
				D4F18F022B06E3F6006B6B9E /* DomainManager.swift in Sources */,
				D401B1DF2B06A08800CE60B1 /* SurfLockApp.swift in Sources */,
				D401B20B2B06C71800CE60B1 /* PreviewData.swift in Sources */,
			);
			runOnlyForDeploymentPostprocessing = 0;
		};
		D401B1E72B06A08900CE60B1 /* Sources */ = {
			isa = PBXSourcesBuildPhase;
			buildActionMask = 2147483647;
			files = (
				D401B1F02B06A08900CE60B1 /* SurfLockTests.swift in Sources */,
			);
			runOnlyForDeploymentPostprocessing = 0;
		};
		D401B1F12B06A08900CE60B1 /* Sources */ = {
			isa = PBXSourcesBuildPhase;
			buildActionMask = 2147483647;
			files = (
				D401B1FC2B06A08900CE60B1 /* SurfLockUITestsLaunchTests.swift in Sources */,
				D401B1FA2B06A08900CE60B1 /* SurfLockUITests.swift in Sources */,
			);
			runOnlyForDeploymentPostprocessing = 0;
		};
/* End PBXSourcesBuildPhase section */

/* Begin PBXTargetDependency section */
		D401B1ED2B06A08900CE60B1 /* PBXTargetDependency */ = {
			isa = PBXTargetDependency;
			target = D401B1DA2B06A08800CE60B1 /* SurfLock */;
			targetProxy = D401B1EC2B06A08900CE60B1 /* PBXContainerItemProxy */;
		};
		D401B1F72B06A08900CE60B1 /* PBXTargetDependency */ = {
			isa = PBXTargetDependency;
			target = D401B1DA2B06A08800CE60B1 /* SurfLock */;
			targetProxy = D401B1F62B06A08900CE60B1 /* PBXContainerItemProxy */;
		};
/* End PBXTargetDependency section */

/* Begin XCBuildConfiguration section */
		D401B1FD2B06A08900CE60B1 /* Debug */ = {
			isa = XCBuildConfiguration;
			buildSettings = {
				ALWAYS_SEARCH_USER_PATHS = NO;
				ASSETCATALOG_COMPILER_GENERATE_SWIFT_ASSET_SYMBOL_EXTENSIONS = YES;
				CLANG_ANALYZER_NONNULL = YES;
				CLANG_ANALYZER_NUMBER_OBJECT_CONVERSION = YES_AGGRESSIVE;
				CLANG_CXX_LANGUAGE_STANDARD = "gnu++20";
				CLANG_ENABLE_MODULES = YES;
				CLANG_ENABLE_OBJC_ARC = YES;
				CLANG_ENABLE_OBJC_WEAK = YES;
				CLANG_WARN_BLOCK_CAPTURE_AUTORELEASING = YES;
				CLANG_WARN_BOOL_CONVERSION = YES;
				CLANG_WARN_COMMA = YES;
				CLANG_WARN_CONSTANT_CONVERSION = YES;
				CLANG_WARN_DEPRECATED_OBJC_IMPLEMENTATIONS = YES;
				CLANG_WARN_DIRECT_OBJC_ISA_USAGE = YES_ERROR;
				CLANG_WARN_DOCUMENTATION_COMMENTS = YES;
				CLANG_WARN_EMPTY_BODY = YES;
				CLANG_WARN_ENUM_CONVERSION = YES;
				CLANG_WARN_INFINITE_RECURSION = YES;
				CLANG_WARN_INT_CONVERSION = YES;
				CLANG_WARN_NON_LITERAL_NULL_CONVERSION = YES;
				CLANG_WARN_OBJC_IMPLICIT_RETAIN_SELF = YES;
				CLANG_WARN_OBJC_LITERAL_CONVERSION = YES;
				CLANG_WARN_OBJC_ROOT_CLASS = YES_ERROR;
				CLANG_WARN_QUOTED_INCLUDE_IN_FRAMEWORK_HEADER = YES;
				CLANG_WARN_RANGE_LOOP_ANALYSIS = YES;
				CLANG_WARN_STRICT_PROTOTYPES = YES;
				CLANG_WARN_SUSPICIOUS_MOVE = YES;
				CLANG_WARN_UNGUARDED_AVAILABILITY = YES_AGGRESSIVE;
				CLANG_WARN_UNREACHABLE_CODE = YES;
				CLANG_WARN__DUPLICATE_METHOD_MATCH = YES;
				COPY_PHASE_STRIP = NO;
				DEBUG_INFORMATION_FORMAT = dwarf;
				ENABLE_STRICT_OBJC_MSGSEND = YES;
				ENABLE_TESTABILITY = YES;
				ENABLE_USER_SCRIPT_SANDBOXING = YES;
				GCC_C_LANGUAGE_STANDARD = gnu17;
				GCC_DYNAMIC_NO_PIC = NO;
				GCC_NO_COMMON_BLOCKS = YES;
				GCC_OPTIMIZATION_LEVEL = 0;
				GCC_PREPROCESSOR_DEFINITIONS = (
					"DEBUG=1",
					"$(inherited)",
				);
				GCC_WARN_64_TO_32_BIT_CONVERSION = YES;
				GCC_WARN_ABOUT_RETURN_TYPE = YES_ERROR;
				GCC_WARN_UNDECLARED_SELECTOR = YES;
				GCC_WARN_UNINITIALIZED_AUTOS = YES_AGGRESSIVE;
				GCC_WARN_UNUSED_FUNCTION = YES;
				GCC_WARN_UNUSED_VARIABLE = YES;
				IPHONEOS_DEPLOYMENT_TARGET = 17.0;
				LOCALIZATION_PREFERS_STRING_CATALOGS = YES;
				MTL_ENABLE_DEBUG_INFO = INCLUDE_SOURCE;
				MTL_FAST_MATH = YES;
				ONLY_ACTIVE_ARCH = YES;
				SDKROOT = iphoneos;
				SWIFT_ACTIVE_COMPILATION_CONDITIONS = "DEBUG $(inherited)";
				SWIFT_OPTIMIZATION_LEVEL = "-Onone";
			};
			name = Debug;
		};
		D401B1FE2B06A08900CE60B1 /* Release */ = {
			isa = XCBuildConfiguration;
			buildSettings = {
				ALWAYS_SEARCH_USER_PATHS = NO;
				ASSETCATALOG_COMPILER_GENERATE_SWIFT_ASSET_SYMBOL_EXTENSIONS = YES;
				CLANG_ANALYZER_NONNULL = YES;
				CLANG_ANALYZER_NUMBER_OBJECT_CONVERSION = YES_AGGRESSIVE;
				CLANG_CXX_LANGUAGE_STANDARD = "gnu++20";
				CLANG_ENABLE_MODULES = YES;
				CLANG_ENABLE_OBJC_ARC = YES;
				CLANG_ENABLE_OBJC_WEAK = YES;
				CLANG_WARN_BLOCK_CAPTURE_AUTORELEASING = YES;
				CLANG_WARN_BOOL_CONVERSION = YES;
				CLANG_WARN_COMMA = YES;
				CLANG_WARN_CONSTANT_CONVERSION = YES;
				CLANG_WARN_DEPRECATED_OBJC_IMPLEMENTATIONS = YES;
				CLANG_WARN_DIRECT_OBJC_ISA_USAGE = YES_ERROR;
				CLANG_WARN_DOCUMENTATION_COMMENTS = YES;
				CLANG_WARN_EMPTY_BODY = YES;
				CLANG_WARN_ENUM_CONVERSION = YES;
				CLANG_WARN_INFINITE_RECURSION = YES;
				CLANG_WARN_INT_CONVERSION = YES;
				CLANG_WARN_NON_LITERAL_NULL_CONVERSION = YES;
				CLANG_WARN_OBJC_IMPLICIT_RETAIN_SELF = YES;
				CLANG_WARN_OBJC_LITERAL_CONVERSION = YES;
				CLANG_WARN_OBJC_ROOT_CLASS = YES_ERROR;
				CLANG_WARN_QUOTED_INCLUDE_IN_FRAMEWORK_HEADER = YES;
				CLANG_WARN_RANGE_LOOP_ANALYSIS = YES;
				CLANG_WARN_STRICT_PROTOTYPES = YES;
				CLANG_WARN_SUSPICIOUS_MOVE = YES;
				CLANG_WARN_UNGUARDED_AVAILABILITY = YES_AGGRESSIVE;
				CLANG_WARN_UNREACHABLE_CODE = YES;
				CLANG_WARN__DUPLICATE_METHOD_MATCH = YES;
				COPY_PHASE_STRIP = NO;
				DEBUG_INFORMATION_FORMAT = "dwarf-with-dsym";
				ENABLE_NS_ASSERTIONS = NO;
				ENABLE_STRICT_OBJC_MSGSEND = YES;
				ENABLE_USER_SCRIPT_SANDBOXING = YES;
				GCC_C_LANGUAGE_STANDARD = gnu17;
				GCC_NO_COMMON_BLOCKS = YES;
				GCC_WARN_64_TO_32_BIT_CONVERSION = YES;
				GCC_WARN_ABOUT_RETURN_TYPE = YES_ERROR;
				GCC_WARN_UNDECLARED_SELECTOR = YES;
				GCC_WARN_UNINITIALIZED_AUTOS = YES_AGGRESSIVE;
				GCC_WARN_UNUSED_FUNCTION = YES;
				GCC_WARN_UNUSED_VARIABLE = YES;
				IPHONEOS_DEPLOYMENT_TARGET = 17.0;
				LOCALIZATION_PREFERS_STRING_CATALOGS = YES;
				MTL_ENABLE_DEBUG_INFO = NO;
				MTL_FAST_MATH = YES;
				SDKROOT = iphoneos;
				SWIFT_COMPILATION_MODE = wholemodule;
				VALIDATE_PRODUCT = YES;
			};
			name = Release;
		};
		D401B2002B06A08900CE60B1 /* Debug */ = {
			isa = XCBuildConfiguration;
			buildSettings = {
				ASSETCATALOG_COMPILER_APPICON_NAME = AppIcon;
				ASSETCATALOG_COMPILER_GLOBAL_ACCENT_COLOR_NAME = AccentColor;
				CODE_SIGN_ENTITLEMENTS = SurfLock/SurfLock.entitlements;
				CODE_SIGN_STYLE = Automatic;
				CURRENT_PROJECT_VERSION = 1;
				DEVELOPMENT_ASSET_PATHS = "\"SurfLock/Preview Content\"";
				DEVELOPMENT_TEAM = X769NMRNS5;
				ENABLE_PREVIEWS = YES;
				GENERATE_INFOPLIST_FILE = YES;
				INFOPLIST_FILE = SurfLock/Info.plist;
				INFOPLIST_KEY_CFBundleDisplayName = "Surf Lock";
				INFOPLIST_KEY_UIApplicationSceneManifest_Generation = YES;
				INFOPLIST_KEY_UIApplicationSupportsIndirectInputEvents = YES;
				INFOPLIST_KEY_UILaunchScreen_Generation = YES;
				INFOPLIST_KEY_UISupportedInterfaceOrientations_iPad = "UIInterfaceOrientationPortrait UIInterfaceOrientationPortraitUpsideDown UIInterfaceOrientationLandscapeLeft UIInterfaceOrientationLandscapeRight";
				INFOPLIST_KEY_UISupportedInterfaceOrientations_iPhone = "UIInterfaceOrientationPortrait UIInterfaceOrientationLandscapeLeft UIInterfaceOrientationLandscapeRight";
				LD_RUNPATH_SEARCH_PATHS = (
					"$(inherited)",
					"@executable_path/Frameworks",
				);
				MARKETING_VERSION = 1.0;
				PRODUCT_BUNDLE_IDENTIFIER = dev.seanmckenzie.SurfLock;
				PRODUCT_NAME = "$(TARGET_NAME)";
				SWIFT_EMIT_LOC_STRINGS = YES;
				SWIFT_VERSION = 5.0;
				TARGETED_DEVICE_FAMILY = "1,2";
			};
			name = Debug;
		};
		D401B2012B06A08900CE60B1 /* Release */ = {
			isa = XCBuildConfiguration;
			buildSettings = {
				ASSETCATALOG_COMPILER_APPICON_NAME = AppIcon;
				ASSETCATALOG_COMPILER_GLOBAL_ACCENT_COLOR_NAME = AccentColor;
				CODE_SIGN_ENTITLEMENTS = SurfLock/SurfLock.entitlements;
				CODE_SIGN_STYLE = Automatic;
				CURRENT_PROJECT_VERSION = 1;
				DEVELOPMENT_ASSET_PATHS = "\"SurfLock/Preview Content\"";
				DEVELOPMENT_TEAM = X769NMRNS5;
				ENABLE_PREVIEWS = YES;
				GENERATE_INFOPLIST_FILE = YES;
				INFOPLIST_FILE = SurfLock/Info.plist;
				INFOPLIST_KEY_CFBundleDisplayName = "Surf Lock";
				INFOPLIST_KEY_UIApplicationSceneManifest_Generation = YES;
				INFOPLIST_KEY_UIApplicationSupportsIndirectInputEvents = YES;
				INFOPLIST_KEY_UILaunchScreen_Generation = YES;
				INFOPLIST_KEY_UISupportedInterfaceOrientations_iPad = "UIInterfaceOrientationPortrait UIInterfaceOrientationPortraitUpsideDown UIInterfaceOrientationLandscapeLeft UIInterfaceOrientationLandscapeRight";
				INFOPLIST_KEY_UISupportedInterfaceOrientations_iPhone = "UIInterfaceOrientationPortrait UIInterfaceOrientationLandscapeLeft UIInterfaceOrientationLandscapeRight";
				LD_RUNPATH_SEARCH_PATHS = (
					"$(inherited)",
					"@executable_path/Frameworks",
				);
				MARKETING_VERSION = 1.0;
				PRODUCT_BUNDLE_IDENTIFIER = dev.seanmckenzie.SurfLock;
				PRODUCT_NAME = "$(TARGET_NAME)";
				SWIFT_EMIT_LOC_STRINGS = YES;
				SWIFT_VERSION = 5.0;
				TARGETED_DEVICE_FAMILY = "1,2";
			};
			name = Release;
		};
		D401B2032B06A08900CE60B1 /* Debug */ = {
			isa = XCBuildConfiguration;
			buildSettings = {
				ALWAYS_EMBED_SWIFT_STANDARD_LIBRARIES = YES;
				BUNDLE_LOADER = "$(TEST_HOST)";
				CODE_SIGN_STYLE = Automatic;
				CURRENT_PROJECT_VERSION = 1;
				DEVELOPMENT_TEAM = X769NMRNS5;
				GENERATE_INFOPLIST_FILE = YES;
				IPHONEOS_DEPLOYMENT_TARGET = 17.0;
				MARKETING_VERSION = 1.0;
				PRODUCT_BUNDLE_IDENTIFIER = dev.seanmckenzie.SurfLockTests;
				PRODUCT_NAME = "$(TARGET_NAME)";
				SWIFT_EMIT_LOC_STRINGS = NO;
				SWIFT_VERSION = 5.0;
				TARGETED_DEVICE_FAMILY = "1,2";
				TEST_HOST = "$(BUILT_PRODUCTS_DIR)/SurfLock.app/$(BUNDLE_EXECUTABLE_FOLDER_PATH)/SurfLock";
			};
			name = Debug;
		};
		D401B2042B06A08900CE60B1 /* Release */ = {
			isa = XCBuildConfiguration;
			buildSettings = {
				ALWAYS_EMBED_SWIFT_STANDARD_LIBRARIES = YES;
				BUNDLE_LOADER = "$(TEST_HOST)";
				CODE_SIGN_STYLE = Automatic;
				CURRENT_PROJECT_VERSION = 1;
				DEVELOPMENT_TEAM = X769NMRNS5;
				GENERATE_INFOPLIST_FILE = YES;
				IPHONEOS_DEPLOYMENT_TARGET = 17.0;
				MARKETING_VERSION = 1.0;
				PRODUCT_BUNDLE_IDENTIFIER = dev.seanmckenzie.SurfLockTests;
				PRODUCT_NAME = "$(TARGET_NAME)";
				SWIFT_EMIT_LOC_STRINGS = NO;
				SWIFT_VERSION = 5.0;
				TARGETED_DEVICE_FAMILY = "1,2";
				TEST_HOST = "$(BUILT_PRODUCTS_DIR)/SurfLock.app/$(BUNDLE_EXECUTABLE_FOLDER_PATH)/SurfLock";
			};
			name = Release;
		};
		D401B2062B06A08900CE60B1 /* Debug */ = {
			isa = XCBuildConfiguration;
			buildSettings = {
				ALWAYS_EMBED_SWIFT_STANDARD_LIBRARIES = YES;
				CODE_SIGN_STYLE = Automatic;
				CURRENT_PROJECT_VERSION = 1;
				DEVELOPMENT_TEAM = X769NMRNS5;
				GENERATE_INFOPLIST_FILE = YES;
				MARKETING_VERSION = 1.0;
				PRODUCT_BUNDLE_IDENTIFIER = dev.seanmckenzie.SurfLockUITests;
				PRODUCT_NAME = "$(TARGET_NAME)";
				SWIFT_EMIT_LOC_STRINGS = NO;
				SWIFT_VERSION = 5.0;
				TARGETED_DEVICE_FAMILY = "1,2";
				TEST_TARGET_NAME = SurfLock;
			};
			name = Debug;
		};
		D401B2072B06A08900CE60B1 /* Release */ = {
			isa = XCBuildConfiguration;
			buildSettings = {
				ALWAYS_EMBED_SWIFT_STANDARD_LIBRARIES = YES;
				CODE_SIGN_STYLE = Automatic;
				CURRENT_PROJECT_VERSION = 1;
				DEVELOPMENT_TEAM = X769NMRNS5;
				GENERATE_INFOPLIST_FILE = YES;
				MARKETING_VERSION = 1.0;
				PRODUCT_BUNDLE_IDENTIFIER = dev.seanmckenzie.SurfLockUITests;
				PRODUCT_NAME = "$(TARGET_NAME)";
				SWIFT_EMIT_LOC_STRINGS = NO;
				SWIFT_VERSION = 5.0;
				TARGETED_DEVICE_FAMILY = "1,2";
				TEST_TARGET_NAME = SurfLock;
			};
			name = Release;
		};
/* End XCBuildConfiguration section */

/* Begin XCConfigurationList section */
		D401B1D62B06A08800CE60B1 /* Build configuration list for PBXProject "SurfLock" */ = {
			isa = XCConfigurationList;
			buildConfigurations = (
				D401B1FD2B06A08900CE60B1 /* Debug */,
				D401B1FE2B06A08900CE60B1 /* Release */,
			);
			defaultConfigurationIsVisible = 0;
			defaultConfigurationName = Release;
		};
		D401B1FF2B06A08900CE60B1 /* Build configuration list for PBXNativeTarget "SurfLock" */ = {
			isa = XCConfigurationList;
			buildConfigurations = (
				D401B2002B06A08900CE60B1 /* Debug */,
				D401B2012B06A08900CE60B1 /* Release */,
			);
			defaultConfigurationIsVisible = 0;
			defaultConfigurationName = Release;
		};
		D401B2022B06A08900CE60B1 /* Build configuration list for PBXNativeTarget "SurfLockTests" */ = {
			isa = XCConfigurationList;
			buildConfigurations = (
				D401B2032B06A08900CE60B1 /* Debug */,
				D401B2042B06A08900CE60B1 /* Release */,
			);
			defaultConfigurationIsVisible = 0;
			defaultConfigurationName = Release;
		};
		D401B2052B06A08900CE60B1 /* Build configuration list for PBXNativeTarget "SurfLockUITests" */ = {
			isa = XCConfigurationList;
			buildConfigurations = (
				D401B2062B06A08900CE60B1 /* Debug */,
				D401B2072B06A08900CE60B1 /* Release */,
			);
			defaultConfigurationIsVisible = 0;
			defaultConfigurationName = Release;
		};
/* End XCConfigurationList section */
	};
	rootObject = D401B1D32B06A08800CE60B1 /* Project object */;
}
